
Microsoft Visual Studio Solution File, Format Version 12.00
# Visual Studio Version 17
VisualStudioVersion = 17.3.32929.385
MinimumVisualStudioVersion = 10.0.40219.1
Project("{FAE04EC0-301F-11D3-BF4B-00C04F79EFBC}") = "steivan", "steivan\steivan.csproj", "{9C4D0B18-9ABF-4DE6-9EFE-93FA6D508CCF}"
EndProject
Global
	GlobalSection(SolutionConfigurationPlatforms) = preSolution
		Debug|Any CPU = Debug|Any CPU
		Release|Any CPU = Release|Any CPU
	EndGlobalSection
	GlobalSection(ProjectConfigurationPlatforms) = postSolution
		{9C4D0B18-9ABF-4DE6-9EFE-93FA6D508CCF}.Debug|Any CPU.ActiveCfg = Debug|Any CPU
		{9C4D0B18-9ABF-4DE6-9EFE-93FA6D508CCF}.Debug|Any CPU.Build.0 = Debug|Any CPU
		{9C4D0B18-9ABF-4DE6-9EFE-93FA6D508CCF}.Release|Any CPU.ActiveCfg = Release|Any CPU
		{9C4D0B18-9ABF-4DE6-9EFE-93FA6D508CCF}.Release|Any CPU.Build.0 = Release|Any CPU
	EndGlobalSection
	GlobalSection(SolutionProperties) = preSolution
		HideSolutionNode = FALSE
	EndGlobalSection
	GlobalSection(ExtensibilityGlobals) = postSolution
		SolutionGuid = {1D088DF0-2648-4E45-ACC8-352B7EE5172D}
	EndGlobalSection
EndGlobal
